
Microsoft Visual Studio Solution File, Format Version 12.00
Project("{2150E333-8FDC-42A3-9474-1A3956D46DE8}") = "HelloWorld", "HelloWorld", "{4056A876-208B-4260-B5D4-7391EEA2AB11}"
ProjectSection(SolutionItems) = preProject
	HelloWorld\README.md = HelloWorld\README.md
EndProjectSection
EndProject
Project("{FAE04EC0-301F-11D3-BF4B-00C04F79EFBC}") = "HelloWorld.Host", "HelloWorld\HelloWorld.Host\HelloWorld.Host.csproj", "{FB8A5ED6-30B2-4284-A0EE-DF09F2A4CDBE}"
EndProject
Project("{FAE04EC0-301F-11D3-BF4B-00C04F79EFBC}") = "HelloWorld.Client", "HelloWorld\HelloWorld.Client\HelloWorld.Client.csproj", "{B7537606-196C-4311-9F5F-521838093555}"
EndProject
Project("{FAE04EC0-301F-11D3-BF4B-00C04F79EFBC}") = "HelloWorld.Grains", "HelloWorld\HelloWorld.Grains\HelloWorld.Grains.csproj", "{A08A0A2B-240E-4F26-931A-F6F07211FD79}"
EndProject
Project("{FAE04EC0-301F-11D3-BF4B-00C04F79EFBC}") = "HelloWorld", "HelloWorld\HelloWorld\HelloWorld.csproj", "{080DE7E3-1219-4E9B-8B4F-D3159B0F65AF}"
EndProject
Project("{2150E333-8FDC-42A3-9474-1A3956D46DE8}") = "HelloGrainLifecycle", "HelloGrainLifecycle", "{77366368-7AE8-441C-BB60-078CEA48A3C7}"
ProjectSection(SolutionItems) = preProject
	HelloGrainLifecycle\README.md = HelloGrainLifecycle\README.md
EndProjectSection
EndProject
Project("{FAE04EC0-301F-11D3-BF4B-00C04F79EFBC}") = "HelloGrainLifecycle.Client", "HelloGrainLifecycle\HelloGrainLifecycle.Client\HelloGrainLifecycle.Client.csproj", "{F157A9E4-B5AD-4B8D-9DC5-AA4CCB1344B1}"
EndProject
Project("{FAE04EC0-301F-11D3-BF4B-00C04F79EFBC}") = "HelloGrainLifecycle.Host", "HelloGrainLifecycle\HelloGrainLifecycle.Host\HelloGrainLifecycle.Host.csproj", "{37FDD7E9-F4FF-47A2-8A6A-2F1A468C0761}"
EndProject
Project("{FAE04EC0-301F-11D3-BF4B-00C04F79EFBC}") = "HelloGrainLifecycle", "HelloGrainLifecycle\HelloGrainLifecycle\HelloGrainLifecycle.csproj", "{383C2018-D982-4496-B4AB-9BD9D1586DF0}"
EndProject
Project("{FAE04EC0-301F-11D3-BF4B-00C04F79EFBC}") = "HelloGrainLifecycle.Grains", "HelloGrainLifecycle\HelloGrainLifecycle.Grains\HelloGrainLifecycle.Grains.csproj", "{71F51656-9690-4037-9251-6FA22D0881A2}"
EndProject
Project("{2150E333-8FDC-42A3-9474-1A3956D46DE8}") = "HelloObservers", "HelloObservers", "{30460692-86D6-45F5-A0D2-916C73602654}"
ProjectSection(SolutionItems) = preProject
	HelloObservers\README.md = HelloObservers\README.md
EndProjectSection
EndProject
Project("{FAE04EC0-301F-11D3-BF4B-00C04F79EFBC}") = "HelloObservers.Client", "HelloObservers\HelloObservers.Client\HelloObservers.Client.csproj", "{13A6EB50-6BEC-4676-9C06-795EC0DEF6FB}"
EndProject
Project("{FAE04EC0-301F-11D3-BF4B-00C04F79EFBC}") = "HelloObservers.Host", "HelloObservers\HelloObservers.Host\HelloObservers.Host.csproj", "{4A6D9226-DFFF-464F-8D59-D48A9FBED77A}"
EndProject
Project("{FAE04EC0-301F-11D3-BF4B-00C04F79EFBC}") = "HelloObservers.Grains", "HelloObservers\HelloObservers.Grains\HelloObservers.Grains.csproj", "{2E719D0A-5459-4088-87BE-64F988211D4C}"
EndProject
Project("{FAE04EC0-301F-11D3-BF4B-00C04F79EFBC}") = "HelloObservers", "HelloObservers\HelloObservers\HelloObservers.csproj", "{7FF42C0E-BCF6-4144-B38B-80D2D9D8F2BC}"
EndProject
Project("{2150E333-8FDC-42A3-9474-1A3956D46DE8}") = "HelloReentrant", "HelloReentrant", "{4C32F57B-2976-4651-957B-21BC0E1A3C31}"
ProjectSection(SolutionItems) = preProject
	HelloReentrant\README.md = HelloReentrant\README.md
EndProjectSection
EndProject
Project("{FAE04EC0-301F-11D3-BF4B-00C04F79EFBC}") = "HelloReentrant", "HelloReentrant\HelloReentrant\HelloReentrant.csproj", "{3517903D-9A12-4BB9-8A8C-B37A15ED5277}"
EndProject
Project("{FAE04EC0-301F-11D3-BF4B-00C04F79EFBC}") = "HelloReentrant.Grains", "HelloReentrant\HelloReentrant.Grains\HelloReentrant.Grains.csproj", "{7D8091B8-DD1E-4A32-9FBF-B6C4CFD1B065}"
EndProject
Project("{FAE04EC0-301F-11D3-BF4B-00C04F79EFBC}") = "HelloReentrant.Client", "HelloReentrant\HelloReentrant.Client\HelloReentrant.Client.csproj", "{BCA19920-9681-481B-856B-5FC7C5B61742}"
EndProject
Project("{FAE04EC0-301F-11D3-BF4B-00C04F79EFBC}") = "HelloReentrant.Host", "HelloReentrant\HelloReentrant.Host\HelloReentrant.Host.csproj", "{A22E8896-55A8-46FA-AFE2-B237FC610E33}"
EndProject
Project("{2150E333-8FDC-42A3-9474-1A3956D46DE8}") = "HelloDashboard", "HelloDashboard", "{050963A5-CD79-40BB-9E7B-49B8B239AA04}"
ProjectSection(SolutionItems) = preProject
	HelloDashboard\README.md = HelloDashboard\README.md
EndProjectSection
EndProject
Project("{FAE04EC0-301F-11D3-BF4B-00C04F79EFBC}") = "HelloDashboard.Host", "HelloDashboard\HelloDashboard.Host\HelloDashboard.Host.csproj", "{05AEC853-F33B-4310-AAF1-FD78C48A84B2}"
EndProject
Project("{FAE04EC0-301F-11D3-BF4B-00C04F79EFBC}") = "HelloDashboard.Client", "HelloDashboard\HelloDashboard.Client\HelloDashboard.Client.csproj", "{A4FE2E2C-A1E8-4DF1-8370-E28A9B96DA02}"
EndProject
Project("{FAE04EC0-301F-11D3-BF4B-00C04F79EFBC}") = "HelloDashboard.Grains", "HelloDashboard\HelloDashboard.Grains\HelloDashboard.Grains.csproj", "{74E44126-E020-43F2-B892-8D10166371AE}"
EndProject
Project("{FAE04EC0-301F-11D3-BF4B-00C04F79EFBC}") = "HelloDashboard", "HelloDashboard\HelloDashboard\HelloDashboard.csproj", "{780DB65A-9D8A-4D57-B6FE-08D53F706598}"
EndProject
Project("{2150E333-8FDC-42A3-9474-1A3956D46DE8}") = "HelloRequestContext", "HelloRequestContext", "{77FD9297-CE90-416B-B94B-EBD3FAA74660}"
ProjectSection(SolutionItems) = preProject
	HelloRequestContext\README.md = HelloRequestContext\README.md
EndProjectSection
EndProject
Project("{FAE04EC0-301F-11D3-BF4B-00C04F79EFBC}") = "HelloRequestContext.Host", "HelloRequestContext\HelloRequestContext.Host\HelloRequestContext.Host.csproj", "{191712D6-D3CB-43EC-B07F-C2A50B965450}"
EndProject
Project("{FAE04EC0-301F-11D3-BF4B-00C04F79EFBC}") = "HelloRequestContext.Client", "HelloRequestContext\HelloRequestContext.Client\HelloRequestContext.Client.csproj", "{BF2C7DD1-825D-4930-B06C-72E4F5C1575D}"
EndProject
Project("{FAE04EC0-301F-11D3-BF4B-00C04F79EFBC}") = "HelloRequestContext", "HelloRequestContext\HelloRequestContext\HelloRequestContext.csproj", "{3EC56ED4-91C3-4A42-A1AB-A09F035CC864}"
EndProject
Project("{FAE04EC0-301F-11D3-BF4B-00C04F79EFBC}") = "HelloRequestContext.Grains", "HelloRequestContext\HelloRequestContext.Grains\HelloRequestContext.Grains.csproj", "{02548B38-4784-4E4C-8D15-5F5DA16B5B86}"
EndProject
Project("{FAE04EC0-301F-11D3-BF4B-00C04F79EFBC}") = "HelloCodeGen", "HelloCodeGen\HelloCodeGen\HelloCodeGen.csproj", "{062E3330-DD26-48BD-89EB-7D322F2F8203}"
EndProject
Project("{2150E333-8FDC-42A3-9474-1A3956D46DE8}") = "HelloCodeGen", "HelloCodeGen", "{BD1BB420-CDAA-43FE-80AA-2F23A97B175A}"
ProjectSection(SolutionItems) = preProject
	HelloCodeGen\README.md = HelloCodeGen\README.md
EndProjectSection
EndProject
Project("{FAE04EC0-301F-11D3-BF4B-00C04F79EFBC}") = "HelloCodeGen.Host", "HelloCodeGen\HelloCodeGen.Host\HelloCodeGen.Host.csproj", "{D827C87A-FDF7-431B-9253-9753408BA7E2}"
EndProject
Project("{FAE04EC0-301F-11D3-BF4B-00C04F79EFBC}") = "HelloCodeGen.Client", "HelloCodeGen\HelloCodeGen.Client\HelloCodeGen.Client.csproj", "{01843D01-2643-46CE-84A4-021496DA888B}"
EndProject
Project("{FAE04EC0-301F-11D3-BF4B-00C04F79EFBC}") = "HelloCodeGen.Grains", "HelloCodeGen\HelloCodeGen.Grains\HelloCodeGen.Grains.csproj", "{40FCB41B-65D3-4F14-A9D3-3FE198EDE953}"
EndProject
Project("{FAE04EC0-301F-11D3-BF4B-00C04F79EFBC}") = "HelloPersistence.Host", "HelloPersistence\HelloPersistence.Host\HelloPersistence.Host.csproj", "{B41C2909-1B0C-4E1D-B711-1D1E6BB6F1E6}"
EndProject
Project("{2150E333-8FDC-42A3-9474-1A3956D46DE8}") = "HelloPersistence", "HelloPersistence", "{E68A1669-DAF2-4E81-873B-2AF3B7E12423}"
ProjectSection(SolutionItems) = preProject
	HelloPersistence\README.md = HelloPersistence\README.md
EndProjectSection
EndProject
Project("{FAE04EC0-301F-11D3-BF4B-00C04F79EFBC}") = "HelloPersistence.Client", "HelloPersistence\HelloPersistence.Client\HelloPersistence.Client.csproj", "{AF273192-3838-4976-90E4-8334E9A73BFE}"
EndProject
Project("{FAE04EC0-301F-11D3-BF4B-00C04F79EFBC}") = "HelloPersistence.Grains", "HelloPersistence\HelloPersistence.Grains\HelloPersistence.Grains.csproj", "{080208F8-5609-4419-8CC1-6502D3BC831D}"
EndProject
Project("{FAE04EC0-301F-11D3-BF4B-00C04F79EFBC}") = "HelloPersistence", "HelloPersistence\HelloPersistence\HelloPersistence.csproj", "{EADEA162-667E-44E4-9028-C5E00827B78A}"
EndProject
Project("{2150E333-8FDC-42A3-9474-1A3956D46DE8}") = "provisioning", "provisioning", "{9F0E2B3B-F482-4DA6-8346-B65AA2B9A51A}"
ProjectSection(SolutionItems) = preProject
	HelloPersistence\provisioning\docker-init-postgresql.sh = HelloPersistence\provisioning\docker-init-postgresql.sh
	HelloPersistence\provisioning\docker-run-postgresql.sh = HelloPersistence\provisioning\docker-run-postgresql.sh
	HelloPersistence\provisioning\init-postgresql.sql = HelloPersistence\provisioning\init-postgresql.sql
	HelloPersistence\provisioning\postgresql-main.sql = HelloPersistence\provisioning\postgresql-main.sql
	HelloPersistence\provisioning\postgresql-persistence.sql = HelloPersistence\provisioning\postgresql-persistence.sql
EndProjectSection
EndProject
Project("{2150E333-8FDC-42A3-9474-1A3956D46DE8}") = "HelloEventSourcing", "HelloEventSourcing", "{1DA86D8E-9204-43F8-8E58-8C151D8FCEA0}"
ProjectSection(SolutionItems) = preProject
	HelloEventSourcing\README.md = HelloEventSourcing\README.md
EndProjectSection
EndProject
Project("{FAE04EC0-301F-11D3-BF4B-00C04F79EFBC}") = "HelloEventSourcing", "HelloEventSourcing\HelloEventSourcing\HelloEventSourcing.csproj", "{AA0C7325-99B8-4280-B594-4D336668FEDF}"
EndProject
Project("{FAE04EC0-301F-11D3-BF4B-00C04F79EFBC}") = "HelloEventSourcing.Grains", "HelloEventSourcing\HelloEventSourcing.Grains\HelloEventSourcing.Grains.csproj", "{D63B16A1-A054-4B91-9836-B70A40256D87}"
EndProject
Project("{FAE04EC0-301F-11D3-BF4B-00C04F79EFBC}") = "HelloEventSourcing.Client", "HelloEventSourcing\HelloEventSourcing.Client\HelloEventSourcing.Client.csproj", "{4A1F6F6D-464C-4D3C-8535-12221523A0B7}"
EndProject
Project("{FAE04EC0-301F-11D3-BF4B-00C04F79EFBC}") = "HelloEventSourcing.Host", "HelloEventSourcing\HelloEventSourcing.Host\HelloEventSourcing.Host.csproj", "{FE007A97-2C4E-42A9-A141-5C908EF430B1}"
EndProject
Project("{2150E333-8FDC-42A3-9474-1A3956D46DE8}") = "HelloInterceptors", "HelloInterceptors", "{2C58C0BA-0540-47D2-A806-E86FA53A3B1E}"
ProjectSection(SolutionItems) = preProject
	HelloInterceptors\README.md = HelloInterceptors\README.md
EndProjectSection
EndProject
Project("{FAE04EC0-301F-11D3-BF4B-00C04F79EFBC}") = "HelloInterceptors", "HelloInterceptors\HelloInterceptors\HelloInterceptors.csproj", "{D38F2D0E-1A3F-4A22-A6FE-CC7283336C8F}"
EndProject
Project("{FAE04EC0-301F-11D3-BF4B-00C04F79EFBC}") = "HelloInterceptors.Client", "HelloInterceptors\HelloInterceptors.Client\HelloInterceptors.Client.csproj", "{C2BA04C5-EB21-465A-8365-A01CADBCE226}"
EndProject
Project("{FAE04EC0-301F-11D3-BF4B-00C04F79EFBC}") = "HelloInterceptors.Grains", "HelloInterceptors\HelloInterceptors.Grains\HelloInterceptors.Grains.csproj", "{4EFA6428-F7F5-4D71-A633-D6C3E0F7E6D0}"
EndProject
Project("{FAE04EC0-301F-11D3-BF4B-00C04F79EFBC}") = "HelloInterceptors.Host", "HelloInterceptors\HelloInterceptors.Host\HelloInterceptors.Host.csproj", "{08AE42DC-5BFC-4807-B463-9045D60ACF86}"
EndProject
Project("{2150E333-8FDC-42A3-9474-1A3956D46DE8}") = "HelloStateless", "HelloStateless", "{793BEAB8-C639-42C0-9BA6-C186C59A20F0}"
EndProject
Project("{FAE04EC0-301F-11D3-BF4B-00C04F79EFBC}") = "HelloStateless", "HelloStateless\HelloStateless\HelloStateless.csproj", "{3F1B3D2F-E786-4DC4-9746-CA5937F801CF}"
EndProject
Project("{FAE04EC0-301F-11D3-BF4B-00C04F79EFBC}") = "HelloStateless.Grains", "HelloStateless\HelloStateless.Grains\HelloStateless.Grains.csproj", "{2A80E7EC-44E5-4DB7-A507-E114A97C6B0A}"
EndProject
Project("{FAE04EC0-301F-11D3-BF4B-00C04F79EFBC}") = "HelloStateless.Host", "HelloStateless\HelloStateless.Host\HelloStateless.Host.csproj", "{459544D0-CCF6-422C-B690-E09CF79F3111}"
EndProject
Project("{FAE04EC0-301F-11D3-BF4B-00C04F79EFBC}") = "HelloStateless.Client", "HelloStateless\HelloStateless.Client\HelloStateless.Client.csproj", "{7C5F5ABB-A66A-456D-9D90-419503C04727}"
EndProject
Project("{2150E333-8FDC-42A3-9474-1A3956D46DE8}") = "HelloMultiClusters", "HelloMultiClusters", "{B72BB672-33A5-4013-A190-B9CE01DCCB3C}"
ProjectSection(SolutionItems) = preProject
	HelloMultiClusters\README.md = HelloMultiClusters\README.md
EndProjectSection
EndProject
Project("{FAE04EC0-301F-11D3-BF4B-00C04F79EFBC}") = "HelloMultiClusters", "HelloMultiClusters\HelloMultiClusters\HelloMultiClusters.csproj", "{3D6916C9-CE60-4D80-A274-7C24E8A63537}"
EndProject
Project("{FAE04EC0-301F-11D3-BF4B-00C04F79EFBC}") = "HelloMultiClusters.Grains", "HelloMultiClusters\HelloMultiClusters.Grains\HelloMultiClusters.Grains.csproj", "{3864110E-CBB7-4941-B0ED-F560DF9BCBF8}"
EndProject
Project("{FAE04EC0-301F-11D3-BF4B-00C04F79EFBC}") = "HelloMultiClusters.Client", "HelloMultiClusters\HelloMultiClusters.Client\HelloMultiClusters.Client.csproj", "{971810FB-5C21-4CD3-991A-ACED0A86D37D}"
EndProject
Project("{FAE04EC0-301F-11D3-BF4B-00C04F79EFBC}") = "HelloMultiClusters.Host", "HelloMultiClusters\HelloMultiClusters.Host\HelloMultiClusters.Host.csproj", "{F59C84FB-F0AA-4FE8-B6B9-A85CCD0F1B4E}"
EndProject
Project("{2150E333-8FDC-42A3-9474-1A3956D46DE8}") = "provisioning", "provisioning", "{DE83EE98-19A9-40AC-B5FA-850CF87259A5}"
ProjectSection(SolutionItems) = preProject
	HelloMultiClusters\provisioning\docker-init-postgresql.sh = HelloMultiClusters\provisioning\docker-init-postgresql.sh
	HelloMultiClusters\provisioning\docker-run-postgresql.sh = HelloMultiClusters\provisioning\docker-run-postgresql.sh
	HelloMultiClusters\provisioning\postgresql-clustering.sql = HelloMultiClusters\provisioning\postgresql-clustering.sql
	HelloMultiClusters\provisioning\postgresql-main.sql = HelloMultiClusters\provisioning\postgresql-main.sql
	HelloMultiClusters\provisioning\init-postgresql.sql = HelloMultiClusters\provisioning\init-postgresql.sql
EndProjectSection
EndProject
Global
	GlobalSection(SolutionConfigurationPlatforms) = preSolution
		Debug|Any CPU = Debug|Any CPU
		Release|Any CPU = Release|Any CPU
	EndGlobalSection
	GlobalSection(NestedProjects) = preSolution
		{FB8A5ED6-30B2-4284-A0EE-DF09F2A4CDBE} = {4056A876-208B-4260-B5D4-7391EEA2AB11}
		{B7537606-196C-4311-9F5F-521838093555} = {4056A876-208B-4260-B5D4-7391EEA2AB11}
		{A08A0A2B-240E-4F26-931A-F6F07211FD79} = {4056A876-208B-4260-B5D4-7391EEA2AB11}
		{080DE7E3-1219-4E9B-8B4F-D3159B0F65AF} = {4056A876-208B-4260-B5D4-7391EEA2AB11}
		{F157A9E4-B5AD-4B8D-9DC5-AA4CCB1344B1} = {77366368-7AE8-441C-BB60-078CEA48A3C7}
		{37FDD7E9-F4FF-47A2-8A6A-2F1A468C0761} = {77366368-7AE8-441C-BB60-078CEA48A3C7}
		{383C2018-D982-4496-B4AB-9BD9D1586DF0} = {77366368-7AE8-441C-BB60-078CEA48A3C7}
		{71F51656-9690-4037-9251-6FA22D0881A2} = {77366368-7AE8-441C-BB60-078CEA48A3C7}
		{13A6EB50-6BEC-4676-9C06-795EC0DEF6FB} = {30460692-86D6-45F5-A0D2-916C73602654}
		{4A6D9226-DFFF-464F-8D59-D48A9FBED77A} = {30460692-86D6-45F5-A0D2-916C73602654}
		{2E719D0A-5459-4088-87BE-64F988211D4C} = {30460692-86D6-45F5-A0D2-916C73602654}
		{7FF42C0E-BCF6-4144-B38B-80D2D9D8F2BC} = {30460692-86D6-45F5-A0D2-916C73602654}
		{3517903D-9A12-4BB9-8A8C-B37A15ED5277} = {4C32F57B-2976-4651-957B-21BC0E1A3C31}
		{7D8091B8-DD1E-4A32-9FBF-B6C4CFD1B065} = {4C32F57B-2976-4651-957B-21BC0E1A3C31}
		{BCA19920-9681-481B-856B-5FC7C5B61742} = {4C32F57B-2976-4651-957B-21BC0E1A3C31}
		{A22E8896-55A8-46FA-AFE2-B237FC610E33} = {4C32F57B-2976-4651-957B-21BC0E1A3C31}
		{05AEC853-F33B-4310-AAF1-FD78C48A84B2} = {050963A5-CD79-40BB-9E7B-49B8B239AA04}
		{A4FE2E2C-A1E8-4DF1-8370-E28A9B96DA02} = {050963A5-CD79-40BB-9E7B-49B8B239AA04}
		{74E44126-E020-43F2-B892-8D10166371AE} = {050963A5-CD79-40BB-9E7B-49B8B239AA04}
		{780DB65A-9D8A-4D57-B6FE-08D53F706598} = {050963A5-CD79-40BB-9E7B-49B8B239AA04}
		{191712D6-D3CB-43EC-B07F-C2A50B965450} = {77FD9297-CE90-416B-B94B-EBD3FAA74660}
		{BF2C7DD1-825D-4930-B06C-72E4F5C1575D} = {77FD9297-CE90-416B-B94B-EBD3FAA74660}
		{3EC56ED4-91C3-4A42-A1AB-A09F035CC864} = {77FD9297-CE90-416B-B94B-EBD3FAA74660}
		{02548B38-4784-4E4C-8D15-5F5DA16B5B86} = {77FD9297-CE90-416B-B94B-EBD3FAA74660}
		{062E3330-DD26-48BD-89EB-7D322F2F8203} = {BD1BB420-CDAA-43FE-80AA-2F23A97B175A}
		{D827C87A-FDF7-431B-9253-9753408BA7E2} = {BD1BB420-CDAA-43FE-80AA-2F23A97B175A}
		{01843D01-2643-46CE-84A4-021496DA888B} = {BD1BB420-CDAA-43FE-80AA-2F23A97B175A}
		{40FCB41B-65D3-4F14-A9D3-3FE198EDE953} = {BD1BB420-CDAA-43FE-80AA-2F23A97B175A}
		{B41C2909-1B0C-4E1D-B711-1D1E6BB6F1E6} = {E68A1669-DAF2-4E81-873B-2AF3B7E12423}
		{AF273192-3838-4976-90E4-8334E9A73BFE} = {E68A1669-DAF2-4E81-873B-2AF3B7E12423}
		{080208F8-5609-4419-8CC1-6502D3BC831D} = {E68A1669-DAF2-4E81-873B-2AF3B7E12423}
		{EADEA162-667E-44E4-9028-C5E00827B78A} = {E68A1669-DAF2-4E81-873B-2AF3B7E12423}
		{9F0E2B3B-F482-4DA6-8346-B65AA2B9A51A} = {E68A1669-DAF2-4E81-873B-2AF3B7E12423}
		{AA0C7325-99B8-4280-B594-4D336668FEDF} = {1DA86D8E-9204-43F8-8E58-8C151D8FCEA0}
		{D63B16A1-A054-4B91-9836-B70A40256D87} = {1DA86D8E-9204-43F8-8E58-8C151D8FCEA0}
		{4A1F6F6D-464C-4D3C-8535-12221523A0B7} = {1DA86D8E-9204-43F8-8E58-8C151D8FCEA0}
		{FE007A97-2C4E-42A9-A141-5C908EF430B1} = {1DA86D8E-9204-43F8-8E58-8C151D8FCEA0}
		{D38F2D0E-1A3F-4A22-A6FE-CC7283336C8F} = {2C58C0BA-0540-47D2-A806-E86FA53A3B1E}
		{C2BA04C5-EB21-465A-8365-A01CADBCE226} = {2C58C0BA-0540-47D2-A806-E86FA53A3B1E}
		{4EFA6428-F7F5-4D71-A633-D6C3E0F7E6D0} = {2C58C0BA-0540-47D2-A806-E86FA53A3B1E}
		{08AE42DC-5BFC-4807-B463-9045D60ACF86} = {2C58C0BA-0540-47D2-A806-E86FA53A3B1E}
		{3F1B3D2F-E786-4DC4-9746-CA5937F801CF} = {793BEAB8-C639-42C0-9BA6-C186C59A20F0}
		{2A80E7EC-44E5-4DB7-A507-E114A97C6B0A} = {793BEAB8-C639-42C0-9BA6-C186C59A20F0}
		{459544D0-CCF6-422C-B690-E09CF79F3111} = {793BEAB8-C639-42C0-9BA6-C186C59A20F0}
		{7C5F5ABB-A66A-456D-9D90-419503C04727} = {793BEAB8-C639-42C0-9BA6-C186C59A20F0}
		{3D6916C9-CE60-4D80-A274-7C24E8A63537} = {B72BB672-33A5-4013-A190-B9CE01DCCB3C}
		{3864110E-CBB7-4941-B0ED-F560DF9BCBF8} = {B72BB672-33A5-4013-A190-B9CE01DCCB3C}
		{971810FB-5C21-4CD3-991A-ACED0A86D37D} = {B72BB672-33A5-4013-A190-B9CE01DCCB3C}
		{F59C84FB-F0AA-4FE8-B6B9-A85CCD0F1B4E} = {B72BB672-33A5-4013-A190-B9CE01DCCB3C}
		{DE83EE98-19A9-40AC-B5FA-850CF87259A5} = {B72BB672-33A5-4013-A190-B9CE01DCCB3C}
	EndGlobalSection
	GlobalSection(ProjectConfigurationPlatforms) = postSolution
		{FB8A5ED6-30B2-4284-A0EE-DF09F2A4CDBE}.Debug|Any CPU.ActiveCfg = Debug|Any CPU
		{FB8A5ED6-30B2-4284-A0EE-DF09F2A4CDBE}.Debug|Any CPU.Build.0 = Debug|Any CPU
		{FB8A5ED6-30B2-4284-A0EE-DF09F2A4CDBE}.Release|Any CPU.ActiveCfg = Release|Any CPU
		{FB8A5ED6-30B2-4284-A0EE-DF09F2A4CDBE}.Release|Any CPU.Build.0 = Release|Any CPU
		{B7537606-196C-4311-9F5F-521838093555}.Debug|Any CPU.ActiveCfg = Debug|Any CPU
		{B7537606-196C-4311-9F5F-521838093555}.Debug|Any CPU.Build.0 = Debug|Any CPU
		{B7537606-196C-4311-9F5F-521838093555}.Release|Any CPU.ActiveCfg = Release|Any CPU
		{B7537606-196C-4311-9F5F-521838093555}.Release|Any CPU.Build.0 = Release|Any CPU
		{A08A0A2B-240E-4F26-931A-F6F07211FD79}.Debug|Any CPU.ActiveCfg = Debug|Any CPU
		{A08A0A2B-240E-4F26-931A-F6F07211FD79}.Debug|Any CPU.Build.0 = Debug|Any CPU
		{A08A0A2B-240E-4F26-931A-F6F07211FD79}.Release|Any CPU.ActiveCfg = Release|Any CPU
		{A08A0A2B-240E-4F26-931A-F6F07211FD79}.Release|Any CPU.Build.0 = Release|Any CPU
		{080DE7E3-1219-4E9B-8B4F-D3159B0F65AF}.Debug|Any CPU.ActiveCfg = Debug|Any CPU
		{080DE7E3-1219-4E9B-8B4F-D3159B0F65AF}.Debug|Any CPU.Build.0 = Debug|Any CPU
		{080DE7E3-1219-4E9B-8B4F-D3159B0F65AF}.Release|Any CPU.ActiveCfg = Release|Any CPU
		{080DE7E3-1219-4E9B-8B4F-D3159B0F65AF}.Release|Any CPU.Build.0 = Release|Any CPU
		{F157A9E4-B5AD-4B8D-9DC5-AA4CCB1344B1}.Debug|Any CPU.ActiveCfg = Debug|Any CPU
		{F157A9E4-B5AD-4B8D-9DC5-AA4CCB1344B1}.Debug|Any CPU.Build.0 = Debug|Any CPU
		{F157A9E4-B5AD-4B8D-9DC5-AA4CCB1344B1}.Release|Any CPU.ActiveCfg = Release|Any CPU
		{F157A9E4-B5AD-4B8D-9DC5-AA4CCB1344B1}.Release|Any CPU.Build.0 = Release|Any CPU
		{37FDD7E9-F4FF-47A2-8A6A-2F1A468C0761}.Debug|Any CPU.ActiveCfg = Debug|Any CPU
		{37FDD7E9-F4FF-47A2-8A6A-2F1A468C0761}.Debug|Any CPU.Build.0 = Debug|Any CPU
		{37FDD7E9-F4FF-47A2-8A6A-2F1A468C0761}.Release|Any CPU.ActiveCfg = Release|Any CPU
		{37FDD7E9-F4FF-47A2-8A6A-2F1A468C0761}.Release|Any CPU.Build.0 = Release|Any CPU
		{383C2018-D982-4496-B4AB-9BD9D1586DF0}.Debug|Any CPU.ActiveCfg = Debug|Any CPU
		{383C2018-D982-4496-B4AB-9BD9D1586DF0}.Debug|Any CPU.Build.0 = Debug|Any CPU
		{383C2018-D982-4496-B4AB-9BD9D1586DF0}.Release|Any CPU.ActiveCfg = Release|Any CPU
		{383C2018-D982-4496-B4AB-9BD9D1586DF0}.Release|Any CPU.Build.0 = Release|Any CPU
		{71F51656-9690-4037-9251-6FA22D0881A2}.Debug|Any CPU.ActiveCfg = Debug|Any CPU
		{71F51656-9690-4037-9251-6FA22D0881A2}.Debug|Any CPU.Build.0 = Debug|Any CPU
		{71F51656-9690-4037-9251-6FA22D0881A2}.Release|Any CPU.ActiveCfg = Release|Any CPU
		{71F51656-9690-4037-9251-6FA22D0881A2}.Release|Any CPU.Build.0 = Release|Any CPU
		{13A6EB50-6BEC-4676-9C06-795EC0DEF6FB}.Debug|Any CPU.ActiveCfg = Debug|Any CPU
		{13A6EB50-6BEC-4676-9C06-795EC0DEF6FB}.Debug|Any CPU.Build.0 = Debug|Any CPU
		{13A6EB50-6BEC-4676-9C06-795EC0DEF6FB}.Release|Any CPU.ActiveCfg = Release|Any CPU
		{13A6EB50-6BEC-4676-9C06-795EC0DEF6FB}.Release|Any CPU.Build.0 = Release|Any CPU
		{4A6D9226-DFFF-464F-8D59-D48A9FBED77A}.Debug|Any CPU.ActiveCfg = Debug|Any CPU
		{4A6D9226-DFFF-464F-8D59-D48A9FBED77A}.Debug|Any CPU.Build.0 = Debug|Any CPU
		{4A6D9226-DFFF-464F-8D59-D48A9FBED77A}.Release|Any CPU.ActiveCfg = Release|Any CPU
		{4A6D9226-DFFF-464F-8D59-D48A9FBED77A}.Release|Any CPU.Build.0 = Release|Any CPU
		{2E719D0A-5459-4088-87BE-64F988211D4C}.Debug|Any CPU.ActiveCfg = Debug|Any CPU
		{2E719D0A-5459-4088-87BE-64F988211D4C}.Debug|Any CPU.Build.0 = Debug|Any CPU
		{2E719D0A-5459-4088-87BE-64F988211D4C}.Release|Any CPU.ActiveCfg = Release|Any CPU
		{2E719D0A-5459-4088-87BE-64F988211D4C}.Release|Any CPU.Build.0 = Release|Any CPU
		{7FF42C0E-BCF6-4144-B38B-80D2D9D8F2BC}.Debug|Any CPU.ActiveCfg = Debug|Any CPU
		{7FF42C0E-BCF6-4144-B38B-80D2D9D8F2BC}.Debug|Any CPU.Build.0 = Debug|Any CPU
		{7FF42C0E-BCF6-4144-B38B-80D2D9D8F2BC}.Release|Any CPU.ActiveCfg = Release|Any CPU
		{7FF42C0E-BCF6-4144-B38B-80D2D9D8F2BC}.Release|Any CPU.Build.0 = Release|Any CPU
		{3517903D-9A12-4BB9-8A8C-B37A15ED5277}.Debug|Any CPU.ActiveCfg = Debug|Any CPU
		{3517903D-9A12-4BB9-8A8C-B37A15ED5277}.Debug|Any CPU.Build.0 = Debug|Any CPU
		{3517903D-9A12-4BB9-8A8C-B37A15ED5277}.Release|Any CPU.ActiveCfg = Release|Any CPU
		{3517903D-9A12-4BB9-8A8C-B37A15ED5277}.Release|Any CPU.Build.0 = Release|Any CPU
		{7D8091B8-DD1E-4A32-9FBF-B6C4CFD1B065}.Debug|Any CPU.ActiveCfg = Debug|Any CPU
		{7D8091B8-DD1E-4A32-9FBF-B6C4CFD1B065}.Debug|Any CPU.Build.0 = Debug|Any CPU
		{7D8091B8-DD1E-4A32-9FBF-B6C4CFD1B065}.Release|Any CPU.ActiveCfg = Release|Any CPU
		{7D8091B8-DD1E-4A32-9FBF-B6C4CFD1B065}.Release|Any CPU.Build.0 = Release|Any CPU
		{BCA19920-9681-481B-856B-5FC7C5B61742}.Debug|Any CPU.ActiveCfg = Debug|Any CPU
		{BCA19920-9681-481B-856B-5FC7C5B61742}.Debug|Any CPU.Build.0 = Debug|Any CPU
		{BCA19920-9681-481B-856B-5FC7C5B61742}.Release|Any CPU.ActiveCfg = Release|Any CPU
		{BCA19920-9681-481B-856B-5FC7C5B61742}.Release|Any CPU.Build.0 = Release|Any CPU
		{A22E8896-55A8-46FA-AFE2-B237FC610E33}.Debug|Any CPU.ActiveCfg = Debug|Any CPU
		{A22E8896-55A8-46FA-AFE2-B237FC610E33}.Debug|Any CPU.Build.0 = Debug|Any CPU
		{A22E8896-55A8-46FA-AFE2-B237FC610E33}.Release|Any CPU.ActiveCfg = Release|Any CPU
		{A22E8896-55A8-46FA-AFE2-B237FC610E33}.Release|Any CPU.Build.0 = Release|Any CPU
		{05AEC853-F33B-4310-AAF1-FD78C48A84B2}.Debug|Any CPU.ActiveCfg = Debug|Any CPU
		{05AEC853-F33B-4310-AAF1-FD78C48A84B2}.Debug|Any CPU.Build.0 = Debug|Any CPU
		{05AEC853-F33B-4310-AAF1-FD78C48A84B2}.Release|Any CPU.ActiveCfg = Release|Any CPU
		{05AEC853-F33B-4310-AAF1-FD78C48A84B2}.Release|Any CPU.Build.0 = Release|Any CPU
		{A4FE2E2C-A1E8-4DF1-8370-E28A9B96DA02}.Debug|Any CPU.ActiveCfg = Debug|Any CPU
		{A4FE2E2C-A1E8-4DF1-8370-E28A9B96DA02}.Debug|Any CPU.Build.0 = Debug|Any CPU
		{A4FE2E2C-A1E8-4DF1-8370-E28A9B96DA02}.Release|Any CPU.ActiveCfg = Release|Any CPU
		{A4FE2E2C-A1E8-4DF1-8370-E28A9B96DA02}.Release|Any CPU.Build.0 = Release|Any CPU
		{74E44126-E020-43F2-B892-8D10166371AE}.Debug|Any CPU.ActiveCfg = Debug|Any CPU
		{74E44126-E020-43F2-B892-8D10166371AE}.Debug|Any CPU.Build.0 = Debug|Any CPU
		{74E44126-E020-43F2-B892-8D10166371AE}.Release|Any CPU.ActiveCfg = Release|Any CPU
		{74E44126-E020-43F2-B892-8D10166371AE}.Release|Any CPU.Build.0 = Release|Any CPU
		{780DB65A-9D8A-4D57-B6FE-08D53F706598}.Debug|Any CPU.ActiveCfg = Debug|Any CPU
		{780DB65A-9D8A-4D57-B6FE-08D53F706598}.Debug|Any CPU.Build.0 = Debug|Any CPU
		{780DB65A-9D8A-4D57-B6FE-08D53F706598}.Release|Any CPU.ActiveCfg = Release|Any CPU
		{780DB65A-9D8A-4D57-B6FE-08D53F706598}.Release|Any CPU.Build.0 = Release|Any CPU
		{191712D6-D3CB-43EC-B07F-C2A50B965450}.Debug|Any CPU.ActiveCfg = Debug|Any CPU
		{191712D6-D3CB-43EC-B07F-C2A50B965450}.Debug|Any CPU.Build.0 = Debug|Any CPU
		{191712D6-D3CB-43EC-B07F-C2A50B965450}.Release|Any CPU.ActiveCfg = Release|Any CPU
		{191712D6-D3CB-43EC-B07F-C2A50B965450}.Release|Any CPU.Build.0 = Release|Any CPU
		{BF2C7DD1-825D-4930-B06C-72E4F5C1575D}.Debug|Any CPU.ActiveCfg = Debug|Any CPU
		{BF2C7DD1-825D-4930-B06C-72E4F5C1575D}.Debug|Any CPU.Build.0 = Debug|Any CPU
		{BF2C7DD1-825D-4930-B06C-72E4F5C1575D}.Release|Any CPU.ActiveCfg = Release|Any CPU
		{BF2C7DD1-825D-4930-B06C-72E4F5C1575D}.Release|Any CPU.Build.0 = Release|Any CPU
		{3EC56ED4-91C3-4A42-A1AB-A09F035CC864}.Debug|Any CPU.ActiveCfg = Debug|Any CPU
		{3EC56ED4-91C3-4A42-A1AB-A09F035CC864}.Debug|Any CPU.Build.0 = Debug|Any CPU
		{3EC56ED4-91C3-4A42-A1AB-A09F035CC864}.Release|Any CPU.ActiveCfg = Release|Any CPU
		{3EC56ED4-91C3-4A42-A1AB-A09F035CC864}.Release|Any CPU.Build.0 = Release|Any CPU
		{02548B38-4784-4E4C-8D15-5F5DA16B5B86}.Debug|Any CPU.ActiveCfg = Debug|Any CPU
		{02548B38-4784-4E4C-8D15-5F5DA16B5B86}.Debug|Any CPU.Build.0 = Debug|Any CPU
		{02548B38-4784-4E4C-8D15-5F5DA16B5B86}.Release|Any CPU.ActiveCfg = Release|Any CPU
		{02548B38-4784-4E4C-8D15-5F5DA16B5B86}.Release|Any CPU.Build.0 = Release|Any CPU
		{062E3330-DD26-48BD-89EB-7D322F2F8203}.Debug|Any CPU.ActiveCfg = Debug|Any CPU
		{062E3330-DD26-48BD-89EB-7D322F2F8203}.Debug|Any CPU.Build.0 = Debug|Any CPU
		{062E3330-DD26-48BD-89EB-7D322F2F8203}.Release|Any CPU.ActiveCfg = Release|Any CPU
		{062E3330-DD26-48BD-89EB-7D322F2F8203}.Release|Any CPU.Build.0 = Release|Any CPU
		{D827C87A-FDF7-431B-9253-9753408BA7E2}.Debug|Any CPU.ActiveCfg = Debug|Any CPU
		{D827C87A-FDF7-431B-9253-9753408BA7E2}.Debug|Any CPU.Build.0 = Debug|Any CPU
		{D827C87A-FDF7-431B-9253-9753408BA7E2}.Release|Any CPU.ActiveCfg = Release|Any CPU
		{D827C87A-FDF7-431B-9253-9753408BA7E2}.Release|Any CPU.Build.0 = Release|Any CPU
		{01843D01-2643-46CE-84A4-021496DA888B}.Debug|Any CPU.ActiveCfg = Debug|Any CPU
		{01843D01-2643-46CE-84A4-021496DA888B}.Debug|Any CPU.Build.0 = Debug|Any CPU
		{01843D01-2643-46CE-84A4-021496DA888B}.Release|Any CPU.ActiveCfg = Release|Any CPU
		{01843D01-2643-46CE-84A4-021496DA888B}.Release|Any CPU.Build.0 = Release|Any CPU
		{40FCB41B-65D3-4F14-A9D3-3FE198EDE953}.Debug|Any CPU.ActiveCfg = Debug|Any CPU
		{40FCB41B-65D3-4F14-A9D3-3FE198EDE953}.Debug|Any CPU.Build.0 = Debug|Any CPU
		{40FCB41B-65D3-4F14-A9D3-3FE198EDE953}.Release|Any CPU.ActiveCfg = Release|Any CPU
		{40FCB41B-65D3-4F14-A9D3-3FE198EDE953}.Release|Any CPU.Build.0 = Release|Any CPU
		{B41C2909-1B0C-4E1D-B711-1D1E6BB6F1E6}.Debug|Any CPU.ActiveCfg = Debug|Any CPU
		{B41C2909-1B0C-4E1D-B711-1D1E6BB6F1E6}.Debug|Any CPU.Build.0 = Debug|Any CPU
		{B41C2909-1B0C-4E1D-B711-1D1E6BB6F1E6}.Release|Any CPU.ActiveCfg = Release|Any CPU
		{B41C2909-1B0C-4E1D-B711-1D1E6BB6F1E6}.Release|Any CPU.Build.0 = Release|Any CPU
		{AF273192-3838-4976-90E4-8334E9A73BFE}.Debug|Any CPU.ActiveCfg = Debug|Any CPU
		{AF273192-3838-4976-90E4-8334E9A73BFE}.Debug|Any CPU.Build.0 = Debug|Any CPU
		{AF273192-3838-4976-90E4-8334E9A73BFE}.Release|Any CPU.ActiveCfg = Release|Any CPU
		{AF273192-3838-4976-90E4-8334E9A73BFE}.Release|Any CPU.Build.0 = Release|Any CPU
		{080208F8-5609-4419-8CC1-6502D3BC831D}.Debug|Any CPU.ActiveCfg = Debug|Any CPU
		{080208F8-5609-4419-8CC1-6502D3BC831D}.Debug|Any CPU.Build.0 = Debug|Any CPU
		{080208F8-5609-4419-8CC1-6502D3BC831D}.Release|Any CPU.ActiveCfg = Release|Any CPU
		{080208F8-5609-4419-8CC1-6502D3BC831D}.Release|Any CPU.Build.0 = Release|Any CPU
		{EADEA162-667E-44E4-9028-C5E00827B78A}.Debug|Any CPU.ActiveCfg = Debug|Any CPU
		{EADEA162-667E-44E4-9028-C5E00827B78A}.Debug|Any CPU.Build.0 = Debug|Any CPU
		{EADEA162-667E-44E4-9028-C5E00827B78A}.Release|Any CPU.ActiveCfg = Release|Any CPU
		{EADEA162-667E-44E4-9028-C5E00827B78A}.Release|Any CPU.Build.0 = Release|Any CPU
		{AA0C7325-99B8-4280-B594-4D336668FEDF}.Debug|Any CPU.ActiveCfg = Debug|Any CPU
		{AA0C7325-99B8-4280-B594-4D336668FEDF}.Debug|Any CPU.Build.0 = Debug|Any CPU
		{AA0C7325-99B8-4280-B594-4D336668FEDF}.Release|Any CPU.ActiveCfg = Release|Any CPU
		{AA0C7325-99B8-4280-B594-4D336668FEDF}.Release|Any CPU.Build.0 = Release|Any CPU
		{D63B16A1-A054-4B91-9836-B70A40256D87}.Debug|Any CPU.ActiveCfg = Debug|Any CPU
		{D63B16A1-A054-4B91-9836-B70A40256D87}.Debug|Any CPU.Build.0 = Debug|Any CPU
		{D63B16A1-A054-4B91-9836-B70A40256D87}.Release|Any CPU.ActiveCfg = Release|Any CPU
		{D63B16A1-A054-4B91-9836-B70A40256D87}.Release|Any CPU.Build.0 = Release|Any CPU
		{4A1F6F6D-464C-4D3C-8535-12221523A0B7}.Debug|Any CPU.ActiveCfg = Debug|Any CPU
		{4A1F6F6D-464C-4D3C-8535-12221523A0B7}.Debug|Any CPU.Build.0 = Debug|Any CPU
		{4A1F6F6D-464C-4D3C-8535-12221523A0B7}.Release|Any CPU.ActiveCfg = Release|Any CPU
		{4A1F6F6D-464C-4D3C-8535-12221523A0B7}.Release|Any CPU.Build.0 = Release|Any CPU
		{FE007A97-2C4E-42A9-A141-5C908EF430B1}.Debug|Any CPU.ActiveCfg = Debug|Any CPU
		{FE007A97-2C4E-42A9-A141-5C908EF430B1}.Debug|Any CPU.Build.0 = Debug|Any CPU
		{FE007A97-2C4E-42A9-A141-5C908EF430B1}.Release|Any CPU.ActiveCfg = Release|Any CPU
		{FE007A97-2C4E-42A9-A141-5C908EF430B1}.Release|Any CPU.Build.0 = Release|Any CPU
		{D38F2D0E-1A3F-4A22-A6FE-CC7283336C8F}.Debug|Any CPU.ActiveCfg = Debug|Any CPU
		{D38F2D0E-1A3F-4A22-A6FE-CC7283336C8F}.Debug|Any CPU.Build.0 = Debug|Any CPU
		{D38F2D0E-1A3F-4A22-A6FE-CC7283336C8F}.Release|Any CPU.ActiveCfg = Release|Any CPU
		{D38F2D0E-1A3F-4A22-A6FE-CC7283336C8F}.Release|Any CPU.Build.0 = Release|Any CPU
		{C2BA04C5-EB21-465A-8365-A01CADBCE226}.Debug|Any CPU.ActiveCfg = Debug|Any CPU
		{C2BA04C5-EB21-465A-8365-A01CADBCE226}.Debug|Any CPU.Build.0 = Debug|Any CPU
		{C2BA04C5-EB21-465A-8365-A01CADBCE226}.Release|Any CPU.ActiveCfg = Release|Any CPU
		{C2BA04C5-EB21-465A-8365-A01CADBCE226}.Release|Any CPU.Build.0 = Release|Any CPU
		{4EFA6428-F7F5-4D71-A633-D6C3E0F7E6D0}.Debug|Any CPU.ActiveCfg = Debug|Any CPU
		{4EFA6428-F7F5-4D71-A633-D6C3E0F7E6D0}.Debug|Any CPU.Build.0 = Debug|Any CPU
		{4EFA6428-F7F5-4D71-A633-D6C3E0F7E6D0}.Release|Any CPU.ActiveCfg = Release|Any CPU
		{4EFA6428-F7F5-4D71-A633-D6C3E0F7E6D0}.Release|Any CPU.Build.0 = Release|Any CPU
		{08AE42DC-5BFC-4807-B463-9045D60ACF86}.Debug|Any CPU.ActiveCfg = Debug|Any CPU
		{08AE42DC-5BFC-4807-B463-9045D60ACF86}.Debug|Any CPU.Build.0 = Debug|Any CPU
		{08AE42DC-5BFC-4807-B463-9045D60ACF86}.Release|Any CPU.ActiveCfg = Release|Any CPU
		{08AE42DC-5BFC-4807-B463-9045D60ACF86}.Release|Any CPU.Build.0 = Release|Any CPU
		{3F1B3D2F-E786-4DC4-9746-CA5937F801CF}.Debug|Any CPU.ActiveCfg = Debug|Any CPU
		{3F1B3D2F-E786-4DC4-9746-CA5937F801CF}.Debug|Any CPU.Build.0 = Debug|Any CPU
		{3F1B3D2F-E786-4DC4-9746-CA5937F801CF}.Release|Any CPU.ActiveCfg = Release|Any CPU
		{3F1B3D2F-E786-4DC4-9746-CA5937F801CF}.Release|Any CPU.Build.0 = Release|Any CPU
		{2A80E7EC-44E5-4DB7-A507-E114A97C6B0A}.Debug|Any CPU.ActiveCfg = Debug|Any CPU
		{2A80E7EC-44E5-4DB7-A507-E114A97C6B0A}.Debug|Any CPU.Build.0 = Debug|Any CPU
		{2A80E7EC-44E5-4DB7-A507-E114A97C6B0A}.Release|Any CPU.ActiveCfg = Release|Any CPU
		{2A80E7EC-44E5-4DB7-A507-E114A97C6B0A}.Release|Any CPU.Build.0 = Release|Any CPU
		{459544D0-CCF6-422C-B690-E09CF79F3111}.Debug|Any CPU.ActiveCfg = Debug|Any CPU
		{459544D0-CCF6-422C-B690-E09CF79F3111}.Debug|Any CPU.Build.0 = Debug|Any CPU
		{459544D0-CCF6-422C-B690-E09CF79F3111}.Release|Any CPU.ActiveCfg = Release|Any CPU
		{459544D0-CCF6-422C-B690-E09CF79F3111}.Release|Any CPU.Build.0 = Release|Any CPU
		{7C5F5ABB-A66A-456D-9D90-419503C04727}.Debug|Any CPU.ActiveCfg = Debug|Any CPU
		{7C5F5ABB-A66A-456D-9D90-419503C04727}.Debug|Any CPU.Build.0 = Debug|Any CPU
		{7C5F5ABB-A66A-456D-9D90-419503C04727}.Release|Any CPU.ActiveCfg = Release|Any CPU
		{7C5F5ABB-A66A-456D-9D90-419503C04727}.Release|Any CPU.Build.0 = Release|Any CPU
		{3D6916C9-CE60-4D80-A274-7C24E8A63537}.Debug|Any CPU.ActiveCfg = Debug|Any CPU
		{3D6916C9-CE60-4D80-A274-7C24E8A63537}.Debug|Any CPU.Build.0 = Debug|Any CPU
		{3D6916C9-CE60-4D80-A274-7C24E8A63537}.Release|Any CPU.ActiveCfg = Release|Any CPU
		{3D6916C9-CE60-4D80-A274-7C24E8A63537}.Release|Any CPU.Build.0 = Release|Any CPU
		{3864110E-CBB7-4941-B0ED-F560DF9BCBF8}.Debug|Any CPU.ActiveCfg = Debug|Any CPU
		{3864110E-CBB7-4941-B0ED-F560DF9BCBF8}.Debug|Any CPU.Build.0 = Debug|Any CPU
		{3864110E-CBB7-4941-B0ED-F560DF9BCBF8}.Release|Any CPU.ActiveCfg = Release|Any CPU
		{3864110E-CBB7-4941-B0ED-F560DF9BCBF8}.Release|Any CPU.Build.0 = Release|Any CPU
		{971810FB-5C21-4CD3-991A-ACED0A86D37D}.Debug|Any CPU.ActiveCfg = Debug|Any CPU
		{971810FB-5C21-4CD3-991A-ACED0A86D37D}.Debug|Any CPU.Build.0 = Debug|Any CPU
		{971810FB-5C21-4CD3-991A-ACED0A86D37D}.Release|Any CPU.ActiveCfg = Release|Any CPU
		{971810FB-5C21-4CD3-991A-ACED0A86D37D}.Release|Any CPU.Build.0 = Release|Any CPU
		{F59C84FB-F0AA-4FE8-B6B9-A85CCD0F1B4E}.Debug|Any CPU.ActiveCfg = Debug|Any CPU
		{F59C84FB-F0AA-4FE8-B6B9-A85CCD0F1B4E}.Debug|Any CPU.Build.0 = Debug|Any CPU
		{F59C84FB-F0AA-4FE8-B6B9-A85CCD0F1B4E}.Release|Any CPU.ActiveCfg = Release|Any CPU
		{F59C84FB-F0AA-4FE8-B6B9-A85CCD0F1B4E}.Release|Any CPU.Build.0 = Release|Any CPU
	EndGlobalSection
EndGlobal
